<Solution>
  <Folder Name="/src/">
    <Project Path="src/Agterm.Control/Agterm.Control.csproj" />
    <Project Path="src/Agterm.Core/Agterm.Core.csproj" />
    <Project Path="src/Agterm.Headless/Agterm.Headless.csproj" />
    <Project Path="src/Agterm.Terminal/Agterm.Terminal.csproj" />
  </Folder>
  <Folder Name="/tests/">
    <Project Path="tests/Agterm.Core.Tests/Agterm.Core.Tests.csproj" />
  </Folder>
</Solution>
